
Microsoft Visual Studio Solution File, Format Version 12.00
# Visual Studio Version 17
VisualStudioVersion = 17.11.35222.181
MinimumVisualStudioVersion = 10.0.40219.1
Project("{9A19103F-16F7-4668-BE54-9A1E7A4F7556}") = "lab 2 task1", "lab 2 task1\lab 2 task1.csproj", "{029D93A0-F897-4793-ADC3-55183D5C677E}"
EndProject
Project("{9A19103F-16F7-4668-BE54-9A1E7A4F7556}") = "lab 2 task 2", "lab 2 task 2\lab 2 task 2.csproj", "{A76893DF-8AA8-4C81-9381-EC1B31661A55}"
EndProject
Project("{FAE04EC0-301F-11D3-BF4B-00C04F79EFBC}") = "lab 2 task 3", "lab 2 task 3\lab 2 task 3.csproj", "{F3F8B784-7587-45A1-8A66-3311838F0B83}"
EndProject
Global
	GlobalSection(SolutionConfigurationPlatforms) = preSolution
		Debug|Any CPU = Debug|Any CPU
		Debug|x64 = Debug|x64
		Debug|x86 = Debug|x86
		Release|Any CPU = Release|Any CPU
		Release|x64 = Release|x64
		Release|x86 = Release|x86
	EndGlobalSection
	GlobalSection(ProjectConfigurationPlatforms) = postSolution
		{029D93A0-F897-4793-ADC3-55183D5C677E}.Debug|Any CPU.ActiveCfg = Debug|Any CPU
		{029D93A0-F897-4793-ADC3-55183D5C677E}.Debug|Any CPU.Build.0 = Debug|Any CPU
		{029D93A0-F897-4793-ADC3-55183D5C677E}.Debug|x64.ActiveCfg = Debug|Any CPU
		{029D93A0-F897-4793-ADC3-55183D5C677E}.Debug|x64.Build.0 = Debug|Any CPU
		{029D93A0-F897-4793-ADC3-55183D5C677E}.Debug|x86.ActiveCfg = Debug|Any CPU
		{029D93A0-F897-4793-ADC3-55183D5C677E}.Debug|x86.Build.0 = Debug|Any CPU
		{029D93A0-F897-4793-ADC3-55183D5C677E}.Release|Any CPU.ActiveCfg = Release|Any CPU
		{029D93A0-F897-4793-ADC3-55183D5C677E}.Release|Any CPU.Build.0 = Release|Any CPU
		{029D93A0-F897-4793-ADC3-55183D5C677E}.Release|x64.ActiveCfg = Release|Any CPU
		{029D93A0-F897-4793-ADC3-55183D5C677E}.Release|x64.Build.0 = Release|Any CPU
		{029D93A0-F897-4793-ADC3-55183D5C677E}.Release|x86.ActiveCfg = Release|Any CPU
		{029D93A0-F897-4793-ADC3-55183D5C677E}.Release|x86.Build.0 = Release|Any CPU
		{A76893DF-8AA8-4C81-9381-EC1B31661A55}.Debug|Any CPU.ActiveCfg = Debug|Any CPU
		{A76893DF-8AA8-4C81-9381-EC1B31661A55}.Debug|Any CPU.Build.0 = Debug|Any CPU
		{A76893DF-8AA8-4C81-9381-EC1B31661A55}.Debug|x64.ActiveCfg = Debug|Any CPU
		{A76893DF-8AA8-4C81-9381-EC1B31661A55}.Debug|x64.Build.0 = Debug|Any CPU
		{A76893DF-8AA8-4C81-9381-EC1B31661A55}.Debug|x86.ActiveCfg = Debug|Any CPU
		{A76893DF-8AA8-4C81-9381-EC1B31661A55}.Debug|x86.Build.0 = Debug|Any CPU
		{A76893DF-8AA8-4C81-9381-EC1B31661A55}.Release|Any CPU.ActiveCfg = Release|Any CPU
		{A76893DF-8AA8-4C81-9381-EC1B31661A55}.Release|Any CPU.Build.0 = Release|Any CPU
		{A76893DF-8AA8-4C81-9381-EC1B31661A55}.Release|x64.ActiveCfg = Release|Any CPU
		{A76893DF-8AA8-4C81-9381-EC1B31661A55}.Release|x64.Build.0 = Release|Any CPU
		{A76893DF-8AA8-4C81-9381-EC1B31661A55}.Release|x86.ActiveCfg = Release|Any CPU
		{A76893DF-8AA8-4C81-9381-EC1B31661A55}.Release|x86.Build.0 = Release|Any CPU
		{F3F8B784-7587-45A1-8A66-3311838F0B83}.Debug|Any CPU.ActiveCfg = Debug|Any CPU
		{F3F8B784-7587-45A1-8A66-3311838F0B83}.Debug|Any CPU.Build.0 = Debug|Any CPU
		{F3F8B784-7587-45A1-8A66-3311838F0B83}.Debug|x64.ActiveCfg = Debug|Any CPU
		{F3F8B784-7587-45A1-8A66-3311838F0B83}.Debug|x64.Build.0 = Debug|Any CPU
		{F3F8B784-7587-45A1-8A66-3311838F0B83}.Debug|x86.ActiveCfg = Debug|Any CPU
		{F3F8B784-7587-45A1-8A66-3311838F0B83}.Debug|x86.Build.0 = Debug|Any CPU
		{F3F8B784-7587-45A1-8A66-3311838F0B83}.Release|Any CPU.ActiveCfg = Release|Any CPU
		{F3F8B784-7587-45A1-8A66-3311838F0B83}.Release|Any CPU.Build.0 = Release|Any CPU
		{F3F8B784-7587-45A1-8A66-3311838F0B83}.Release|x64.ActiveCfg = Release|Any CPU
		{F3F8B784-7587-45A1-8A66-3311838F0B83}.Release|x64.Build.0 = Release|Any CPU
		{F3F8B784-7587-45A1-8A66-3311838F0B83}.Release|x86.ActiveCfg = Release|Any CPU
		{F3F8B784-7587-45A1-8A66-3311838F0B83}.Release|x86.Build.0 = Release|Any CPU
	EndGlobalSection
	GlobalSection(SolutionProperties) = preSolution
		HideSolutionNode = FALSE
	EndGlobalSection
	GlobalSection(ExtensibilityGlobals) = postSolution
		SolutionGuid = {DEF7A18E-D567-4663-908D-21292C883022}
	EndGlobalSection
EndGlobal
